// !$*UTF8*$!
{
	archiveVersion = 1;
	classes = {
	};
	objectVersion = 56;
	objects = {

/* Begin PBXBuildFile section */
		40CA63195F2F87BABDCFCD80 /* Pods_NewsToDayApp.framework in Frameworks */ = {isa = PBXBuildFile; fileRef = E36FB1A46D96C2BE3C1B22BF /* Pods_NewsToDayApp.framework */; };
		5B578EE42A0D39D3003AE3C9 /* Terms&Conditions.swift in Sources */ = {isa = PBXBuildFile; fileRef = 5B578EE32A0D39D3003AE3C9 /* Terms&Conditions.swift */; };
		7C97B9892A094D0D000693D2 /* AppDelegate.swift in Sources */ = {isa = PBXBuildFile; fileRef = 7C97B9882A094D0D000693D2 /* AppDelegate.swift */; };
		7C97B98B2A094D0D000693D2 /* SceneDelegate.swift in Sources */ = {isa = PBXBuildFile; fileRef = 7C97B98A2A094D0D000693D2 /* SceneDelegate.swift */; };
		7C97B9922A094D0E000693D2 /* Assets.xcassets in Resources */ = {isa = PBXBuildFile; fileRef = 7C97B9912A094D0E000693D2 /* Assets.xcassets */; };
		84899C412A14D58A00827CFD /* APICaller.swift in Sources */ = {isa = PBXBuildFile; fileRef = 84899C402A14D58A00827CFD /* APICaller.swift */; };
		84899C442A14D5DA00827CFD /* MainNewsModel.swift in Sources */ = {isa = PBXBuildFile; fileRef = 84899C432A14D5DA00827CFD /* MainNewsModel.swift */; };
		84899C462A14D5F200827CFD /* TopHeadlineNewsModel.swift in Sources */ = {isa = PBXBuildFile; fileRef = 84899C452A14D5F200827CFD /* TopHeadlineNewsModel.swift */; };
		84899C492A14D63700827CFD /* MainNewsModelViewCollectionViewCell.swift in Sources */ = {isa = PBXBuildFile; fileRef = 84899C482A14D63700827CFD /* MainNewsModelViewCollectionViewCell.swift */; };
		84899C4B2A14D65000827CFD /* CategoryNewsViewModelCollectionViewCell.swift in Sources */ = {isa = PBXBuildFile; fileRef = 84899C4A2A14D65000827CFD /* CategoryNewsViewModelCollectionViewCell.swift */; };
		84899C4D2A14D66B00827CFD /* RecomendedNewsViewCollectionViewCell.swift in Sources */ = {isa = PBXBuildFile; fileRef = 84899C4C2A14D66B00827CFD /* RecomendedNewsViewCollectionViewCell.swift */; };
		84899C4F2A14D68E00827CFD /* TitleHeaderCollectionReusableView.swift in Sources */ = {isa = PBXBuildFile; fileRef = 84899C4E2A14D68E00827CFD /* TitleHeaderCollectionReusableView.swift */; };
		84899C522A14D6E100827CFD /* JustReuseNewsModelView.swift in Sources */ = {isa = PBXBuildFile; fileRef = 84899C512A14D6E100827CFD /* JustReuseNewsModelView.swift */; };
		84899C552A14D70F00827CFD /* UIView+Extensions.swift in Sources */ = {isa = PBXBuildFile; fileRef = 84899C542A14D70F00827CFD /* UIView+Extensions.swift */; };
		84899C572A14D74300827CFD /* MainNewsViewController.swift in Sources */ = {isa = PBXBuildFile; fileRef = 84899C562A14D74300827CFD /* MainNewsViewController.swift */; };
		84899C592A14D76300827CFD /* SearchResultsViewController.swift in Sources */ = {isa = PBXBuildFile; fileRef = 84899C582A14D76300827CFD /* SearchResultsViewController.swift */; };
		84ADBB622A179D0900C946FD /* SearchResultDefaultTableViewCell.swift in Sources */ = {isa = PBXBuildFile; fileRef = 84ADBB612A179D0900C946FD /* SearchResultDefaultTableViewCell.swift */; };
		84B1DB022A163387007993BD /* Constants.swift in Sources */ = {isa = PBXBuildFile; fileRef = 84B1DB012A163387007993BD /* Constants.swift */; };
		84DEB8792A1623A5004343D0 /* BookmarksViewController.swift in Sources */ = {isa = PBXBuildFile; fileRef = 84DEB8782A1623A5004343D0 /* BookmarksViewController.swift */; };
		84DEB87B2A1623EE004343D0 /* BookmarkCell.swift in Sources */ = {isa = PBXBuildFile; fileRef = 84DEB87A2A1623EE004343D0 /* BookmarkCell.swift */; };
		9516339C2A12C91B00D4168F /* ResultsViewController.swift in Sources */ = {isa = PBXBuildFile; fileRef = 9516339B2A12C91B00D4168F /* ResultsViewController.swift */; };
		9516339E2A12C96000D4168F /* ProfileViewController.swift in Sources */ = {isa = PBXBuildFile; fileRef = 9516339D2A12C96000D4168F /* ProfileViewController.swift */; };
		951633A02A12C9F100D4168F /* UIColor+Extensions.swift in Sources */ = {isa = PBXBuildFile; fileRef = 9516339F2A12C9F100D4168F /* UIColor+Extensions.swift */; };
		951D76A42A13A50400A9BCA5 /* FavoriteButton.swift in Sources */ = {isa = PBXBuildFile; fileRef = 951D76A32A13A50400A9BCA5 /* FavoriteButton.swift */; };
		9563D03E2A13ED7400F07589 /* CategoryViewController.swift in Sources */ = {isa = PBXBuildFile; fileRef = 9563D03D2A13ED7400F07589 /* CategoryViewController.swift */; };
		9563D0402A13F69500F07589 /* CategoryButton.swift in Sources */ = {isa = PBXBuildFile; fileRef = 9563D03F2A13F69500F07589 /* CategoryButton.swift */; };
		959CDE4F2A13C508002E0FA7 /* MainTabBarController.swift in Sources */ = {isa = PBXBuildFile; fileRef = 959CDE4E2A13C508002E0FA7 /* MainTabBarController.swift */; };
		CE66055D2A0A44630072FB01 /* BookmarkTableViewCell.swift in Sources */ = {isa = PBXBuildFile; fileRef = CE66055C2A0A44630072FB01 /* BookmarkTableViewCell.swift */; };
/* End PBXBuildFile section */

/* Begin PBXFileReference section */
		5B578EE32A0D39D3003AE3C9 /* Terms&Conditions.swift */ = {isa = PBXFileReference; lastKnownFileType = sourcecode.swift; path = "Terms&Conditions.swift"; sourceTree = "<group>"; };
		7C97B9852A094D0D000693D2 /* NewsToDayApp.app */ = {isa = PBXFileReference; explicitFileType = wrapper.application; includeInIndex = 0; path = NewsToDayApp.app; sourceTree = BUILT_PRODUCTS_DIR; };
		7C97B9882A094D0D000693D2 /* AppDelegate.swift */ = {isa = PBXFileReference; lastKnownFileType = sourcecode.swift; path = AppDelegate.swift; sourceTree = "<group>"; };
		7C97B98A2A094D0D000693D2 /* SceneDelegate.swift */ = {isa = PBXFileReference; lastKnownFileType = sourcecode.swift; path = SceneDelegate.swift; sourceTree = "<group>"; };
		7C97B9912A094D0E000693D2 /* Assets.xcassets */ = {isa = PBXFileReference; lastKnownFileType = folder.assetcatalog; path = Assets.xcassets; sourceTree = "<group>"; };
		7C97B9962A094D0E000693D2 /* Info.plist */ = {isa = PBXFileReference; lastKnownFileType = text.plist.xml; path = Info.plist; sourceTree = "<group>"; };
		84899C402A14D58A00827CFD /* APICaller.swift */ = {isa = PBXFileReference; lastKnownFileType = sourcecode.swift; path = APICaller.swift; sourceTree = "<group>"; };
		84899C432A14D5DA00827CFD /* MainNewsModel.swift */ = {isa = PBXFileReference; lastKnownFileType = sourcecode.swift; path = MainNewsModel.swift; sourceTree = "<group>"; };
		84899C452A14D5F200827CFD /* TopHeadlineNewsModel.swift */ = {isa = PBXFileReference; lastKnownFileType = sourcecode.swift; path = TopHeadlineNewsModel.swift; sourceTree = "<group>"; };
		84899C482A14D63700827CFD /* MainNewsModelViewCollectionViewCell.swift */ = {isa = PBXFileReference; lastKnownFileType = sourcecode.swift; path = MainNewsModelViewCollectionViewCell.swift; sourceTree = "<group>"; };
		84899C4A2A14D65000827CFD /* CategoryNewsViewModelCollectionViewCell.swift */ = {isa = PBXFileReference; lastKnownFileType = sourcecode.swift; path = CategoryNewsViewModelCollectionViewCell.swift; sourceTree = "<group>"; };
		84899C4C2A14D66B00827CFD /* RecomendedNewsViewCollectionViewCell.swift */ = {isa = PBXFileReference; lastKnownFileType = sourcecode.swift; path = RecomendedNewsViewCollectionViewCell.swift; sourceTree = "<group>"; };
		84899C4E2A14D68E00827CFD /* TitleHeaderCollectionReusableView.swift */ = {isa = PBXFileReference; lastKnownFileType = sourcecode.swift; path = TitleHeaderCollectionReusableView.swift; sourceTree = "<group>"; };
		84899C512A14D6E100827CFD /* JustReuseNewsModelView.swift */ = {isa = PBXFileReference; lastKnownFileType = sourcecode.swift; path = JustReuseNewsModelView.swift; sourceTree = "<group>"; };
		84899C542A14D70F00827CFD /* UIView+Extensions.swift */ = {isa = PBXFileReference; lastKnownFileType = sourcecode.swift; path = "UIView+Extensions.swift"; sourceTree = "<group>"; };
		84899C562A14D74300827CFD /* MainNewsViewController.swift */ = {isa = PBXFileReference; lastKnownFileType = sourcecode.swift; path = MainNewsViewController.swift; sourceTree = "<group>"; };
		84899C582A14D76300827CFD /* SearchResultsViewController.swift */ = {isa = PBXFileReference; lastKnownFileType = sourcecode.swift; path = SearchResultsViewController.swift; sourceTree = "<group>"; };
		84ADBB612A179D0900C946FD /* SearchResultDefaultTableViewCell.swift */ = {isa = PBXFileReference; lastKnownFileType = sourcecode.swift; path = SearchResultDefaultTableViewCell.swift; sourceTree = "<group>"; };
		84B1DB012A163387007993BD /* Constants.swift */ = {isa = PBXFileReference; lastKnownFileType = sourcecode.swift; path = Constants.swift; sourceTree = "<group>"; };
		84DEB8782A1623A5004343D0 /* BookmarksViewController.swift */ = {isa = PBXFileReference; lastKnownFileType = sourcecode.swift; path = BookmarksViewController.swift; sourceTree = "<group>"; };
		84DEB87A2A1623EE004343D0 /* BookmarkCell.swift */ = {isa = PBXFileReference; lastKnownFileType = sourcecode.swift; path = BookmarkCell.swift; sourceTree = "<group>"; };
		9516339B2A12C91B00D4168F /* ResultsViewController.swift */ = {isa = PBXFileReference; lastKnownFileType = sourcecode.swift; path = ResultsViewController.swift; sourceTree = "<group>"; };
		9516339D2A12C96000D4168F /* ProfileViewController.swift */ = {isa = PBXFileReference; lastKnownFileType = sourcecode.swift; path = ProfileViewController.swift; sourceTree = "<group>"; };
		9516339F2A12C9F100D4168F /* UIColor+Extensions.swift */ = {isa = PBXFileReference; lastKnownFileType = sourcecode.swift; path = "UIColor+Extensions.swift"; sourceTree = "<group>"; };
		951D76A32A13A50400A9BCA5 /* FavoriteButton.swift */ = {isa = PBXFileReference; lastKnownFileType = sourcecode.swift; path = FavoriteButton.swift; sourceTree = "<group>"; };
		9563D03D2A13ED7400F07589 /* CategoryViewController.swift */ = {isa = PBXFileReference; lastKnownFileType = sourcecode.swift; path = CategoryViewController.swift; sourceTree = "<group>"; };
		9563D03F2A13F69500F07589 /* CategoryButton.swift */ = {isa = PBXFileReference; lastKnownFileType = sourcecode.swift; path = CategoryButton.swift; sourceTree = "<group>"; };
		959CDE4E2A13C508002E0FA7 /* MainTabBarController.swift */ = {isa = PBXFileReference; lastKnownFileType = sourcecode.swift; path = MainTabBarController.swift; sourceTree = "<group>"; };
		AD8AB16FB13A5FF2BF86F956 /* Pods-NewsToDayApp.release.xcconfig */ = {isa = PBXFileReference; includeInIndex = 1; lastKnownFileType = text.xcconfig; name = "Pods-NewsToDayApp.release.xcconfig"; path = "Target Support Files/Pods-NewsToDayApp/Pods-NewsToDayApp.release.xcconfig"; sourceTree = "<group>"; };
		CE66055C2A0A44630072FB01 /* BookmarkTableViewCell.swift */ = {isa = PBXFileReference; lastKnownFileType = sourcecode.swift; path = BookmarkTableViewCell.swift; sourceTree = "<group>"; };
		DE576FACD9D87D3C2FDC9038 /* Pods-NewsToDayApp.debug.xcconfig */ = {isa = PBXFileReference; includeInIndex = 1; lastKnownFileType = text.xcconfig; name = "Pods-NewsToDayApp.debug.xcconfig"; path = "Target Support Files/Pods-NewsToDayApp/Pods-NewsToDayApp.debug.xcconfig"; sourceTree = "<group>"; };
		E36FB1A46D96C2BE3C1B22BF /* Pods_NewsToDayApp.framework */ = {isa = PBXFileReference; explicitFileType = wrapper.framework; includeInIndex = 0; path = Pods_NewsToDayApp.framework; sourceTree = BUILT_PRODUCTS_DIR; };
/* End PBXFileReference section */

/* Begin PBXFrameworksBuildPhase section */
		7C97B9822A094D0D000693D2 /* Frameworks */ = {
			isa = PBXFrameworksBuildPhase;
			buildActionMask = 2147483647;
			files = (
				40CA63195F2F87BABDCFCD80 /* Pods_NewsToDayApp.framework in Frameworks */,
			);
			runOnlyForDeploymentPostprocessing = 0;
		};
/* End PBXFrameworksBuildPhase section */

/* Begin PBXGroup section */
		108B268184B0EB5C24E05EC8 /* Pods */ = {
			isa = PBXGroup;
			children = (
				DE576FACD9D87D3C2FDC9038 /* Pods-NewsToDayApp.debug.xcconfig */,
				AD8AB16FB13A5FF2BF86F956 /* Pods-NewsToDayApp.release.xcconfig */,
			);
			path = Pods;
			sourceTree = "<group>";
		};
		2F2173CDBA2C0F72F943102E /* Frameworks */ = {
			isa = PBXGroup;
			children = (
				E36FB1A46D96C2BE3C1B22BF /* Pods_NewsToDayApp.framework */,
			);
			name = Frameworks;
			sourceTree = "<group>";
		};
		7C97B97C2A094D0D000693D2 = {
			isa = PBXGroup;
			children = (
				7C97B9872A094D0D000693D2 /* NewsToDayApp */,
				7C97B9862A094D0D000693D2 /* Products */,
				108B268184B0EB5C24E05EC8 /* Pods */,
				2F2173CDBA2C0F72F943102E /* Frameworks */,
			);
			sourceTree = "<group>";
		};
		7C97B9862A094D0D000693D2 /* Products */ = {
			isa = PBXGroup;
			children = (
				7C97B9852A094D0D000693D2 /* NewsToDayApp.app */,
			);
			name = Products;
			sourceTree = "<group>";
		};
		7C97B9872A094D0D000693D2 /* NewsToDayApp */ = {
			isa = PBXGroup;
			children = (
				9563D0432A13F6CB00F07589 /* Scene */,
				84899C532A14D6FA00827CFD /* Extensions+Constants */,
				84899C3F2A14D54B00827CFD /* NetworkLayer+APICaller */,
				CEB7524F2A099C6200173F3F /* Models */,
				9563D0422A13F6B700F07589 /* TabBar */,
				9563D0442A13F6E400F07589 /* ViewControllers */,
				9563D0452A13F6F300F07589 /* Cells */,
				9563D0412A13F6A200F07589 /* Buttons */,
				7C97B9912A094D0E000693D2 /* Assets.xcassets */,
				7C97B9962A094D0E000693D2 /* Info.plist */,
			);
			path = NewsToDayApp;
			sourceTree = "<group>";
		};
		84899C3F2A14D54B00827CFD /* NetworkLayer+APICaller */ = {
			isa = PBXGroup;
			children = (
				84899C402A14D58A00827CFD /* APICaller.swift */,
			);
			path = "NetworkLayer+APICaller";
			sourceTree = "<group>";
		};
		84899C422A14D5CA00827CFD /* NetworkModels */ = {
			isa = PBXGroup;
			children = (
				84899C432A14D5DA00827CFD /* MainNewsModel.swift */,
				84899C452A14D5F200827CFD /* TopHeadlineNewsModel.swift */,
			);
			path = NetworkModels;
			sourceTree = "<group>";
		};
		84899C472A14D61B00827CFD /* ViewModelsCells */ = {
			isa = PBXGroup;
			children = (
				84899C482A14D63700827CFD /* MainNewsModelViewCollectionViewCell.swift */,
				84899C4A2A14D65000827CFD /* CategoryNewsViewModelCollectionViewCell.swift */,
				84899C4C2A14D66B00827CFD /* RecomendedNewsViewCollectionViewCell.swift */,
				84899C4E2A14D68E00827CFD /* TitleHeaderCollectionReusableView.swift */,
				84DEB87A2A1623EE004343D0 /* BookmarkCell.swift */,
				84ADBB612A179D0900C946FD /* SearchResultDefaultTableViewCell.swift */,
			);
			path = ViewModelsCells;
			sourceTree = "<group>";
		};
		84899C502A14D6C000827CFD /* ReusebleModels */ = {
			isa = PBXGroup;
			children = (
				84899C512A14D6E100827CFD /* JustReuseNewsModelView.swift */,
			);
			path = ReusebleModels;
			sourceTree = "<group>";
		};
		84899C532A14D6FA00827CFD /* Extensions+Constants */ = {
			isa = PBXGroup;
			children = (
				9516339F2A12C9F100D4168F /* UIColor+Extensions.swift */,
				84899C542A14D70F00827CFD /* UIView+Extensions.swift */,
				84B1DB012A163387007993BD /* Constants.swift */,
			);
			path = "Extensions+Constants";
			sourceTree = "<group>";
		};
		9563D0412A13F6A200F07589 /* Buttons */ = {
			isa = PBXGroup;
			children = (
				9563D03F2A13F69500F07589 /* CategoryButton.swift */,
				951D76A32A13A50400A9BCA5 /* FavoriteButton.swift */,
			);
			path = Buttons;
			sourceTree = "<group>";
		};
		9563D0422A13F6B700F07589 /* TabBar */ = {
			isa = PBXGroup;
			children = (
				959CDE4E2A13C508002E0FA7 /* MainTabBarController.swift */,
			);
			path = TabBar;
			sourceTree = "<group>";
		};
		9563D0432A13F6CB00F07589 /* Scene */ = {
			isa = PBXGroup;
			children = (
				7C97B9882A094D0D000693D2 /* AppDelegate.swift */,
				7C97B98A2A094D0D000693D2 /* SceneDelegate.swift */,
			);
			path = Scene;
			sourceTree = "<group>";
		};
		9563D0442A13F6E400F07589 /* ViewControllers */ = {
			isa = PBXGroup;
			children = (
				9516339D2A12C96000D4168F /* ProfileViewController.swift */,
				9563D03D2A13ED7400F07589 /* CategoryViewController.swift */,
				9516339B2A12C91B00D4168F /* ResultsViewController.swift */,
				84899C562A14D74300827CFD /* MainNewsViewController.swift */,
				84899C582A14D76300827CFD /* SearchResultsViewController.swift */,
				5B578EE32A0D39D3003AE3C9 /* Terms&Conditions.swift */,
				84DEB8782A1623A5004343D0 /* BookmarksViewController.swift */,
			);
			path = ViewControllers;
			sourceTree = "<group>";
		};
		9563D0452A13F6F300F07589 /* Cells */ = {
			isa = PBXGroup;
			children = (
				84899C472A14D61B00827CFD /* ViewModelsCells */,
				CE66055C2A0A44630072FB01 /* BookmarkTableViewCell.swift */,
			);
			path = Cells;
			sourceTree = "<group>";
		};
		CEB7524F2A099C6200173F3F /* Models */ = {
			isa = PBXGroup;
			children = (
				84899C502A14D6C000827CFD /* ReusebleModels */,
				84899C422A14D5CA00827CFD /* NetworkModels */,
			);
			path = Models;
			sourceTree = "<group>";
		};
/* End PBXGroup section */

/* Begin PBXNativeTarget section */
		7C97B9842A094D0D000693D2 /* NewsToDayApp */ = {
			isa = PBXNativeTarget;
			buildConfigurationList = 7C97B9992A094D0E000693D2 /* Build configuration list for PBXNativeTarget "NewsToDayApp" */;
			buildPhases = (
				A0D4AA5A53655441CC80DBC7 /* [CP] Check Pods Manifest.lock */,
				7C97B9812A094D0D000693D2 /* Sources */,
				7C97B9822A094D0D000693D2 /* Frameworks */,
				7C97B9832A094D0D000693D2 /* Resources */,
				E0ADBF4273897819D78F9673 /* [CP] Embed Pods Frameworks */,
			);
			buildRules = (
			);
			dependencies = (
			);
			name = NewsToDayApp;
			productName = NewsToDayApp;
			productReference = 7C97B9852A094D0D000693D2 /* NewsToDayApp.app */;
			productType = "com.apple.product-type.application";
		};
/* End PBXNativeTarget section */

/* Begin PBXProject section */
		7C97B97D2A094D0D000693D2 /* Project object */ = {
			isa = PBXProject;
			attributes = {
				BuildIndependentTargetsInParallel = 1;
				LastSwiftUpdateCheck = 1430;
				LastUpgradeCheck = 1430;
				TargetAttributes = {
					7C97B9842A094D0D000693D2 = {
						CreatedOnToolsVersion = 14.3;
					};
				};
			};
			buildConfigurationList = 7C97B9802A094D0D000693D2 /* Build configuration list for PBXProject "NewsToDayApp" */;
			compatibilityVersion = "Xcode 14.0";
			developmentRegion = en;
			hasScannedForEncodings = 0;
			knownRegions = (
				en,
				Base,
			);
			mainGroup = 7C97B97C2A094D0D000693D2;
			productRefGroup = 7C97B9862A094D0D000693D2 /* Products */;
			projectDirPath = "";
			projectRoot = "";
			targets = (
				7C97B9842A094D0D000693D2 /* NewsToDayApp */,
			);
		};
/* End PBXProject section */

/* Begin PBXResourcesBuildPhase section */
		7C97B9832A094D0D000693D2 /* Resources */ = {
			isa = PBXResourcesBuildPhase;
			buildActionMask = 2147483647;
			files = (
				7C97B9922A094D0E000693D2 /* Assets.xcassets in Resources */,
			);
			runOnlyForDeploymentPostprocessing = 0;
		};
/* End PBXResourcesBuildPhase section */

/* Begin PBXShellScriptBuildPhase section */
		A0D4AA5A53655441CC80DBC7 /* [CP] Check Pods Manifest.lock */ = {
			isa = PBXShellScriptBuildPhase;
			buildActionMask = 2147483647;
			files = (
			);
			inputFileListPaths = (
			);
			inputPaths = (
				"${PODS_PODFILE_DIR_PATH}/Podfile.lock",
				"${PODS_ROOT}/Manifest.lock",
			);
			name = "[CP] Check Pods Manifest.lock";
			outputFileListPaths = (
			);
			outputPaths = (
				"$(DERIVED_FILE_DIR)/Pods-NewsToDayApp-checkManifestLockResult.txt",
			);
			runOnlyForDeploymentPostprocessing = 0;
			shellPath = /bin/sh;
			shellScript = "diff \"${PODS_PODFILE_DIR_PATH}/Podfile.lock\" \"${PODS_ROOT}/Manifest.lock\" > /dev/null\nif [ $? != 0 ] ; then\n    # print error to STDERR\n    echo \"error: The sandbox is not in sync with the Podfile.lock. Run 'pod install' or update your CocoaPods installation.\" >&2\n    exit 1\nfi\n# This output is used by Xcode 'outputs' to avoid re-running this script phase.\necho \"SUCCESS\" > \"${SCRIPT_OUTPUT_FILE_0}\"\n";
			showEnvVarsInLog = 0;
		};
		E0ADBF4273897819D78F9673 /* [CP] Embed Pods Frameworks */ = {
			isa = PBXShellScriptBuildPhase;
			buildActionMask = 2147483647;
			files = (
			);
			inputFileListPaths = (
				"${PODS_ROOT}/Target Support Files/Pods-NewsToDayApp/Pods-NewsToDayApp-frameworks-${CONFIGURATION}-input-files.xcfilelist",
			);
			name = "[CP] Embed Pods Frameworks";
			outputFileListPaths = (
				"${PODS_ROOT}/Target Support Files/Pods-NewsToDayApp/Pods-NewsToDayApp-frameworks-${CONFIGURATION}-output-files.xcfilelist",
			);
			runOnlyForDeploymentPostprocessing = 0;
			shellPath = /bin/sh;
			shellScript = "\"${PODS_ROOT}/Target Support Files/Pods-NewsToDayApp/Pods-NewsToDayApp-frameworks.sh\"\n";
			showEnvVarsInLog = 0;
		};
/* End PBXShellScriptBuildPhase section */

/* Begin PBXSourcesBuildPhase section */
		7C97B9812A094D0D000693D2 /* Sources */ = {
			isa = PBXSourcesBuildPhase;
			buildActionMask = 2147483647;
			files = (
				84B1DB022A163387007993BD /* Constants.swift in Sources */,
				84899C572A14D74300827CFD /* MainNewsViewController.swift in Sources */,
				84899C552A14D70F00827CFD /* UIView+Extensions.swift in Sources */,
				84899C4D2A14D66B00827CFD /* RecomendedNewsViewCollectionViewCell.swift in Sources */,
				84ADBB622A179D0900C946FD /* SearchResultDefaultTableViewCell.swift in Sources */,
				84899C462A14D5F200827CFD /* TopHeadlineNewsModel.swift in Sources */,
				5B578EE42A0D39D3003AE3C9 /* Terms&Conditions.swift in Sources */,
				84899C412A14D58A00827CFD /* APICaller.swift in Sources */,
				959CDE4F2A13C508002E0FA7 /* MainTabBarController.swift in Sources */,
				84899C4F2A14D68E00827CFD /* TitleHeaderCollectionReusableView.swift in Sources */,
				CE66055D2A0A44630072FB01 /* BookmarkTableViewCell.swift in Sources */,
				84899C4B2A14D65000827CFD /* CategoryNewsViewModelCollectionViewCell.swift in Sources */,
				84899C522A14D6E100827CFD /* JustReuseNewsModelView.swift in Sources */,
				84DEB87B2A1623EE004343D0 /* BookmarkCell.swift in Sources */,
				84899C442A14D5DA00827CFD /* MainNewsModel.swift in Sources */,
				951D76A42A13A50400A9BCA5 /* FavoriteButton.swift in Sources */,
				951633A02A12C9F100D4168F /* UIColor+Extensions.swift in Sources */,
				84899C492A14D63700827CFD /* MainNewsModelViewCollectionViewCell.swift in Sources */,
				7C97B9892A094D0D000693D2 /* AppDelegate.swift in Sources */,
				9516339E2A12C96000D4168F /* ProfileViewController.swift in Sources */,
				84899C592A14D76300827CFD /* SearchResultsViewController.swift in Sources */,
				7C97B98B2A094D0D000693D2 /* SceneDelegate.swift in Sources */,
				9563D0402A13F69500F07589 /* CategoryButton.swift in Sources */,
				9563D03E2A13ED7400F07589 /* CategoryViewController.swift in Sources */,
				84DEB8792A1623A5004343D0 /* BookmarksViewController.swift in Sources */,
				9516339C2A12C91B00D4168F /* ResultsViewController.swift in Sources */,
			);
			runOnlyForDeploymentPostprocessing = 0;
		};
/* End PBXSourcesBuildPhase section */

/* Begin XCBuildConfiguration section */
		7C97B9972A094D0E000693D2 /* Debug */ = {
			isa = XCBuildConfiguration;
			buildSettings = {
				ALWAYS_SEARCH_USER_PATHS = NO;
				CLANG_ANALYZER_NONNULL = YES;
				CLANG_ANALYZER_NUMBER_OBJECT_CONVERSION = YES_AGGRESSIVE;
				CLANG_CXX_LANGUAGE_STANDARD = "gnu++20";
				CLANG_ENABLE_MODULES = YES;
				CLANG_ENABLE_OBJC_ARC = YES;
				CLANG_ENABLE_OBJC_WEAK = YES;
				CLANG_WARN_BLOCK_CAPTURE_AUTORELEASING = YES;
				CLANG_WARN_BOOL_CONVERSION = YES;
				CLANG_WARN_COMMA = YES;
				CLANG_WARN_CONSTANT_CONVERSION = YES;
				CLANG_WARN_DEPRECATED_OBJC_IMPLEMENTATIONS = YES;
				CLANG_WARN_DIRECT_OBJC_ISA_USAGE = YES_ERROR;
				CLANG_WARN_DOCUMENTATION_COMMENTS = YES;
				CLANG_WARN_EMPTY_BODY = YES;
				CLANG_WARN_ENUM_CONVERSION = YES;
				CLANG_WARN_INFINITE_RECURSION = YES;
				CLANG_WARN_INT_CONVERSION = YES;
				CLANG_WARN_NON_LITERAL_NULL_CONVERSION = YES;
				CLANG_WARN_OBJC_IMPLICIT_RETAIN_SELF = YES;
				CLANG_WARN_OBJC_LITERAL_CONVERSION = YES;
				CLANG_WARN_OBJC_ROOT_CLASS = YES_ERROR;
				CLANG_WARN_QUOTED_INCLUDE_IN_FRAMEWORK_HEADER = YES;
				CLANG_WARN_RANGE_LOOP_ANALYSIS = YES;
				CLANG_WARN_STRICT_PROTOTYPES = YES;
				CLANG_WARN_SUSPICIOUS_MOVE = YES;
				CLANG_WARN_UNGUARDED_AVAILABILITY = YES_AGGRESSIVE;
				CLANG_WARN_UNREACHABLE_CODE = YES;
				CLANG_WARN__DUPLICATE_METHOD_MATCH = YES;
				COPY_PHASE_STRIP = NO;
				DEBUG_INFORMATION_FORMAT = dwarf;
				ENABLE_STRICT_OBJC_MSGSEND = YES;
				ENABLE_TESTABILITY = YES;
				GCC_C_LANGUAGE_STANDARD = gnu11;
				GCC_DYNAMIC_NO_PIC = NO;
				GCC_NO_COMMON_BLOCKS = YES;
				GCC_OPTIMIZATION_LEVEL = 0;
				GCC_PREPROCESSOR_DEFINITIONS = (
					"DEBUG=1",
					"$(inherited)",
				);
				GCC_WARN_64_TO_32_BIT_CONVERSION = YES;
				GCC_WARN_ABOUT_RETURN_TYPE = YES_ERROR;
				GCC_WARN_UNDECLARED_SELECTOR = YES;
				GCC_WARN_UNINITIALIZED_AUTOS = YES_AGGRESSIVE;
				GCC_WARN_UNUSED_FUNCTION = YES;
				GCC_WARN_UNUSED_VARIABLE = YES;
				IPHONEOS_DEPLOYMENT_TARGET = 15.0;
				MTL_ENABLE_DEBUG_INFO = INCLUDE_SOURCE;
				MTL_FAST_MATH = YES;
				ONLY_ACTIVE_ARCH = YES;
				SDKROOT = iphoneos;
				SWIFT_ACTIVE_COMPILATION_CONDITIONS = DEBUG;
				SWIFT_OPTIMIZATION_LEVEL = "-Onone";
			};
			name = Debug;
		};
		7C97B9982A094D0E000693D2 /* Release */ = {
			isa = XCBuildConfiguration;
			buildSettings = {
				ALWAYS_SEARCH_USER_PATHS = NO;
				CLANG_ANALYZER_NONNULL = YES;
				CLANG_ANALYZER_NUMBER_OBJECT_CONVERSION = YES_AGGRESSIVE;
				CLANG_CXX_LANGUAGE_STANDARD = "gnu++20";
				CLANG_ENABLE_MODULES = YES;
				CLANG_ENABLE_OBJC_ARC = YES;
				CLANG_ENABLE_OBJC_WEAK = YES;
				CLANG_WARN_BLOCK_CAPTURE_AUTORELEASING = YES;
				CLANG_WARN_BOOL_CONVERSION = YES;
				CLANG_WARN_COMMA = YES;
				CLANG_WARN_CONSTANT_CONVERSION = YES;
				CLANG_WARN_DEPRECATED_OBJC_IMPLEMENTATIONS = YES;
				CLANG_WARN_DIRECT_OBJC_ISA_USAGE = YES_ERROR;
				CLANG_WARN_DOCUMENTATION_COMMENTS = YES;
				CLANG_WARN_EMPTY_BODY = YES;
				CLANG_WARN_ENUM_CONVERSION = YES;
				CLANG_WARN_INFINITE_RECURSION = YES;
				CLANG_WARN_INT_CONVERSION = YES;
				CLANG_WARN_NON_LITERAL_NULL_CONVERSION = YES;
				CLANG_WARN_OBJC_IMPLICIT_RETAIN_SELF = YES;
				CLANG_WARN_OBJC_LITERAL_CONVERSION = YES;
				CLANG_WARN_OBJC_ROOT_CLASS = YES_ERROR;
				CLANG_WARN_QUOTED_INCLUDE_IN_FRAMEWORK_HEADER = YES;
				CLANG_WARN_RANGE_LOOP_ANALYSIS = YES;
				CLANG_WARN_STRICT_PROTOTYPES = YES;
				CLANG_WARN_SUSPICIOUS_MOVE = YES;
				CLANG_WARN_UNGUARDED_AVAILABILITY = YES_AGGRESSIVE;
				CLANG_WARN_UNREACHABLE_CODE = YES;
				CLANG_WARN__DUPLICATE_METHOD_MATCH = YES;
				COPY_PHASE_STRIP = NO;
				DEBUG_INFORMATION_FORMAT = "dwarf-with-dsym";
				ENABLE_NS_ASSERTIONS = NO;
				ENABLE_STRICT_OBJC_MSGSEND = YES;
				GCC_C_LANGUAGE_STANDARD = gnu11;
				GCC_NO_COMMON_BLOCKS = YES;
				GCC_WARN_64_TO_32_BIT_CONVERSION = YES;
				GCC_WARN_ABOUT_RETURN_TYPE = YES_ERROR;
				GCC_WARN_UNDECLARED_SELECTOR = YES;
				GCC_WARN_UNINITIALIZED_AUTOS = YES_AGGRESSIVE;
				GCC_WARN_UNUSED_FUNCTION = YES;
				GCC_WARN_UNUSED_VARIABLE = YES;
				IPHONEOS_DEPLOYMENT_TARGET = 15.0;
				MTL_ENABLE_DEBUG_INFO = NO;
				MTL_FAST_MATH = YES;
				SDKROOT = iphoneos;
				SWIFT_COMPILATION_MODE = wholemodule;
				SWIFT_OPTIMIZATION_LEVEL = "-O";
				VALIDATE_PRODUCT = YES;
			};
			name = Release;
		};
		7C97B99A2A094D0E000693D2 /* Debug */ = {
			isa = XCBuildConfiguration;
			baseConfigurationReference = DE576FACD9D87D3C2FDC9038 /* Pods-NewsToDayApp.debug.xcconfig */;
			buildSettings = {
				ASSETCATALOG_COMPILER_APPICON_NAME = AppIcon;
				ASSETCATALOG_COMPILER_GLOBAL_ACCENT_COLOR_NAME = AccentColor;
				CODE_SIGN_STYLE = Automatic;
				CURRENT_PROJECT_VERSION = 1;
				DEVELOPMENT_TEAM = 8V8QBXH95P;
				GENERATE_INFOPLIST_FILE = YES;
				INFOPLIST_FILE = NewsToDayApp/Info.plist;
				INFOPLIST_KEY_UIApplicationSupportsIndirectInputEvents = YES;
				INFOPLIST_KEY_UILaunchStoryboardName = LaunchScreen;
				INFOPLIST_KEY_UISupportedInterfaceOrientations_iPad = "UIInterfaceOrientationPortrait UIInterfaceOrientationPortraitUpsideDown UIInterfaceOrientationLandscapeLeft UIInterfaceOrientationLandscapeRight";
				INFOPLIST_KEY_UISupportedInterfaceOrientations_iPhone = "UIInterfaceOrientationPortrait UIInterfaceOrientationLandscapeLeft UIInterfaceOrientationLandscapeRight";
				LD_RUNPATH_SEARCH_PATHS = (
					"$(inherited)",
					"@executable_path/Frameworks",
				);
				MARKETING_VERSION = 1.0;
				PRODUCT_BUNDLE_IDENTIFIER = "Artem-Gorelov.NewsToDayApp";
				PRODUCT_NAME = "$(TARGET_NAME)";
				SWIFT_EMIT_LOC_STRINGS = YES;
				SWIFT_VERSION = 5.0;
				TARGETED_DEVICE_FAMILY = "1,2";
			};
			name = Debug;
		};
		7C97B99B2A094D0E000693D2 /* Release */ = {
			isa = XCBuildConfiguration;
			baseConfigurationReference = AD8AB16FB13A5FF2BF86F956 /* Pods-NewsToDayApp.release.xcconfig */;
			buildSettings = {
				ASSETCATALOG_COMPILER_APPICON_NAME = AppIcon;
				ASSETCATALOG_COMPILER_GLOBAL_ACCENT_COLOR_NAME = AccentColor;
				CODE_SIGN_STYLE = Automatic;
				CURRENT_PROJECT_VERSION = 1;
				DEVELOPMENT_TEAM = 8V8QBXH95P;
				GENERATE_INFOPLIST_FILE = YES;
				INFOPLIST_FILE = NewsToDayApp/Info.plist;
				INFOPLIST_KEY_UIApplicationSupportsIndirectInputEvents = YES;
				INFOPLIST_KEY_UILaunchStoryboardName = LaunchScreen;
				INFOPLIST_KEY_UISupportedInterfaceOrientations_iPad = "UIInterfaceOrientationPortrait UIInterfaceOrientationPortraitUpsideDown UIInterfaceOrientationLandscapeLeft UIInterfaceOrientationLandscapeRight";
				INFOPLIST_KEY_UISupportedInterfaceOrientations_iPhone = "UIInterfaceOrientationPortrait UIInterfaceOrientationLandscapeLeft UIInterfaceOrientationLandscapeRight";
				LD_RUNPATH_SEARCH_PATHS = (
					"$(inherited)",
					"@executable_path/Frameworks",
				);
				MARKETING_VERSION = 1.0;
				PRODUCT_BUNDLE_IDENTIFIER = "Artem-Gorelov.NewsToDayApp";
				PRODUCT_NAME = "$(TARGET_NAME)";
				SWIFT_EMIT_LOC_STRINGS = YES;
				SWIFT_VERSION = 5.0;
				TARGETED_DEVICE_FAMILY = "1,2";
			};
			name = Release;
		};
/* End XCBuildConfiguration section */

/* Begin XCConfigurationList section */
		7C97B9802A094D0D000693D2 /* Build configuration list for PBXProject "NewsToDayApp" */ = {
			isa = XCConfigurationList;
			buildConfigurations = (
				7C97B9972A094D0E000693D2 /* Debug */,
				7C97B9982A094D0E000693D2 /* Release */,
			);
			defaultConfigurationIsVisible = 0;
			defaultConfigurationName = Release;
		};
		7C97B9992A094D0E000693D2 /* Build configuration list for PBXNativeTarget "NewsToDayApp" */ = {
			isa = XCConfigurationList;
			buildConfigurations = (
				7C97B99A2A094D0E000693D2 /* Debug */,
				7C97B99B2A094D0E000693D2 /* Release */,
			);
			defaultConfigurationIsVisible = 0;
			defaultConfigurationName = Release;
		};
/* End XCConfigurationList section */
	};
	rootObject = 7C97B97D2A094D0D000693D2 /* Project object */;
}
